
Microsoft Visual Studio Solution File, Format Version 12.00
# Visual Studio Version 17
VisualStudioVersion = 17.14.36518.9 d17.14
MinimumVisualStudioVersion = 10.0.40219.1
Project("{FAE04EC0-301F-11D3-BF4B-00C04F79EFBC}") = "HouseBuildingFinanceWebApp", "HouseBuildingFinanceWebApp.csproj", "{226D8016-9C82-4613-839A-D899E0163959}"
EndProject
Global
	GlobalSection(SolutionConfigurationPlatforms) = preSolution
		Debug|Any CPU = Debug|Any CPU
		Release|Any CPU = Release|Any CPU
	EndGlobalSection
	GlobalSection(ProjectConfigurationPlatforms) = postSolution
		{226D8016-9C82-4613-839A-D899E0163959}.Debug|Any CPU.ActiveCfg = Debug|Any CPU
		{226D8016-9C82-4613-839A-D899E0163959}.Debug|Any CPU.Build.0 = Debug|Any CPU
		{226D8016-9C82-4613-839A-D899E0163959}.Release|Any CPU.ActiveCfg = Release|Any CPU
		{226D8016-9C82-4613-839A-D899E0163959}.Release|Any CPU.Build.0 = Release|Any CPU
	EndGlobalSection
	GlobalSection(SolutionProperties) = preSolution
		HideSolutionNode = FALSE
	EndGlobalSection
	GlobalSection(ExtensibilityGlobals) = postSolution
		SolutionGuid = {4D5AC60A-9ACD-470F-9232-8832EDB76402}
	EndGlobalSection
EndGlobal
